// !$*UTF8*$!
{
	archiveVersion = 1;
	classes = {
	};
	objectVersion = 56;
	objects = {

/* Begin PBXBuildFile section */
		2F1711492C678F50002DF398 /* url2mobileApp.swift in Sources */ = {isa = PBXBuildFile; fileRef = 2F1711482C678F50002DF398 /* url2mobileApp.swift */; };
		2F17114B2C678F50002DF398 /* ContentView.swift in Sources */ = {isa = PBXBuildFile; fileRef = 2F17114A2C678F50002DF398 /* ContentView.swift */; };
		2F17114D2C678F51002DF398 /* Assets.xcassets in Resources */ = {isa = PBXBuildFile; fileRef = 2F17114C2C678F51002DF398 /* Assets.xcassets */; };
		2F1711502C678F51002DF398 /* Preview Assets.xcassets in Resources */ = {isa = PBXBuildFile; fileRef = 2F17114F2C678F51002DF398 /* Preview Assets.xcassets */; };
		2F17115A2C678F52002DF398 /* url2mobileTests.swift in Sources */ = {isa = PBXBuildFile; fileRef = 2F1711592C678F52002DF398 /* url2mobileTests.swift */; };
		2F1711642C678F52002DF398 /* url2mobileUITests.swift in Sources */ = {isa = PBXBuildFile; fileRef = 2F1711632C678F52002DF398 /* url2mobileUITests.swift */; };
		2F1711662C678F52002DF398 /* url2mobileUITestsLaunchTests.swift in Sources */ = {isa = PBXBuildFile; fileRef = 2F1711652C678F52002DF398 /* url2mobileUITestsLaunchTests.swift */; };
		2F1711762C679006002DF398 /* item.swift in Sources */ = {isa = PBXBuildFile; fileRef = 2F1711752C679006002DF398 /* item.swift */; };
		2F1711792C679036002DF398 /* appViewModel.swift in Sources */ = {isa = PBXBuildFile; fileRef = 2F1711782C679036002DF398 /* appViewModel.swift */; };
		2F17117B2C679056002DF398 /* viewController.swift in Sources */ = {isa = PBXBuildFile; fileRef = 2F17117A2C679056002DF398 /* viewController.swift */; };
		2F17117D2C679083002DF398 /* authManager.swift in Sources */ = {isa = PBXBuildFile; fileRef = 2F17117C2C679083002DF398 /* authManager.swift */; };
		2F1711852C679116002DF398 /* HomeView.swift in Sources */ = {isa = PBXBuildFile; fileRef = 2F1711842C679116002DF398 /* HomeView.swift */; };
		2F1711892C67915D002DF398 /* listView.swift in Sources */ = {isa = PBXBuildFile; fileRef = 2F1711882C67915D002DF398 /* listView.swift */; };
		2F17118B2C679177002DF398 /* AuthView.swift in Sources */ = {isa = PBXBuildFile; fileRef = 2F17118A2C679177002DF398 /* AuthView.swift */; };
		2F17118D2C6791A5002DF398 /* loginView.swift in Sources */ = {isa = PBXBuildFile; fileRef = 2F17118C2C6791A5002DF398 /* loginView.swift */; };
		2F8D53292C8E38380059528A /* profileView.swift in Sources */ = {isa = PBXBuildFile; fileRef = 2F8D53282C8E38380059528A /* profileView.swift */; };
		2FE273482C8B3F74009D8604 /* networking.swift in Sources */ = {isa = PBXBuildFile; fileRef = 2FE273472C8B3F74009D8604 /* networking.swift */; };
		2FE2734C2C8B761E009D8604 /* linkViewModel.swift in Sources */ = {isa = PBXBuildFile; fileRef = 2FE2734B2C8B761E009D8604 /* linkViewModel.swift */; };
/* End PBXBuildFile section */

/* Begin PBXContainerItemProxy section */
		2F1711562C678F52002DF398 /* PBXContainerItemProxy */ = {
			isa = PBXContainerItemProxy;
			containerPortal = 2F17113D2C678F50002DF398 /* Project object */;
			proxyType = 1;
			remoteGlobalIDString = 2F1711442C678F50002DF398;
			remoteInfo = url2mobile;
		};
		2F1711602C678F52002DF398 /* PBXContainerItemProxy */ = {
			isa = PBXContainerItemProxy;
			containerPortal = 2F17113D2C678F50002DF398 /* Project object */;
			proxyType = 1;
			remoteGlobalIDString = 2F1711442C678F50002DF398;
			remoteInfo = url2mobile;
		};
/* End PBXContainerItemProxy section */

/* Begin PBXFileReference section */
		2F1711452C678F50002DF398 /* url2mobile.app */ = {isa = PBXFileReference; explicitFileType = wrapper.application; includeInIndex = 0; path = url2mobile.app; sourceTree = BUILT_PRODUCTS_DIR; };
		2F1711482C678F50002DF398 /* url2mobileApp.swift */ = {isa = PBXFileReference; lastKnownFileType = sourcecode.swift; path = url2mobileApp.swift; sourceTree = "<group>"; };
		2F17114A2C678F50002DF398 /* ContentView.swift */ = {isa = PBXFileReference; lastKnownFileType = sourcecode.swift; path = ContentView.swift; sourceTree = "<group>"; };
		2F17114C2C678F51002DF398 /* Assets.xcassets */ = {isa = PBXFileReference; lastKnownFileType = folder.assetcatalog; path = Assets.xcassets; sourceTree = "<group>"; };
		2F17114F2C678F51002DF398 /* Preview Assets.xcassets */ = {isa = PBXFileReference; lastKnownFileType = folder.assetcatalog; path = "Preview Assets.xcassets"; sourceTree = "<group>"; };
		2F1711552C678F52002DF398 /* url2mobileTests.xctest */ = {isa = PBXFileReference; explicitFileType = wrapper.cfbundle; includeInIndex = 0; path = url2mobileTests.xctest; sourceTree = BUILT_PRODUCTS_DIR; };
		2F1711592C678F52002DF398 /* url2mobileTests.swift */ = {isa = PBXFileReference; lastKnownFileType = sourcecode.swift; path = url2mobileTests.swift; sourceTree = "<group>"; };
		2F17115F2C678F52002DF398 /* url2mobileUITests.xctest */ = {isa = PBXFileReference; explicitFileType = wrapper.cfbundle; includeInIndex = 0; path = url2mobileUITests.xctest; sourceTree = BUILT_PRODUCTS_DIR; };
		2F1711632C678F52002DF398 /* url2mobileUITests.swift */ = {isa = PBXFileReference; lastKnownFileType = sourcecode.swift; path = url2mobileUITests.swift; sourceTree = "<group>"; };
		2F1711652C678F52002DF398 /* url2mobileUITestsLaunchTests.swift */ = {isa = PBXFileReference; lastKnownFileType = sourcecode.swift; path = url2mobileUITestsLaunchTests.swift; sourceTree = "<group>"; };
		2F1711722C678F95002DF398 /* Info.plist */ = {isa = PBXFileReference; lastKnownFileType = text.plist; path = Info.plist; sourceTree = "<group>"; };
		2F1711752C679006002DF398 /* item.swift */ = {isa = PBXFileReference; lastKnownFileType = sourcecode.swift; path = item.swift; sourceTree = "<group>"; };
		2F1711782C679036002DF398 /* appViewModel.swift */ = {isa = PBXFileReference; lastKnownFileType = sourcecode.swift; path = appViewModel.swift; sourceTree = "<group>"; };
		2F17117A2C679056002DF398 /* viewController.swift */ = {isa = PBXFileReference; lastKnownFileType = sourcecode.swift; path = viewController.swift; sourceTree = "<group>"; };
		2F17117C2C679083002DF398 /* authManager.swift */ = {isa = PBXFileReference; lastKnownFileType = sourcecode.swift; path = authManager.swift; sourceTree = "<group>"; };
		2F1711842C679116002DF398 /* HomeView.swift */ = {isa = PBXFileReference; lastKnownFileType = sourcecode.swift; path = HomeView.swift; sourceTree = "<group>"; };
		2F1711882C67915D002DF398 /* listView.swift */ = {isa = PBXFileReference; lastKnownFileType = sourcecode.swift; path = listView.swift; sourceTree = "<group>"; };
		2F17118A2C679177002DF398 /* AuthView.swift */ = {isa = PBXFileReference; lastKnownFileType = sourcecode.swift; path = AuthView.swift; sourceTree = "<group>"; };
		2F17118C2C6791A5002DF398 /* loginView.swift */ = {isa = PBXFileReference; lastKnownFileType = sourcecode.swift; path = loginView.swift; sourceTree = "<group>"; };
		2F8D53282C8E38380059528A /* profileView.swift */ = {isa = PBXFileReference; lastKnownFileType = sourcecode.swift; path = profileView.swift; sourceTree = "<group>"; };
		2FE273472C8B3F74009D8604 /* networking.swift */ = {isa = PBXFileReference; lastKnownFileType = sourcecode.swift; path = networking.swift; sourceTree = "<group>"; };
		2FE2734B2C8B761E009D8604 /* linkViewModel.swift */ = {isa = PBXFileReference; lastKnownFileType = sourcecode.swift; path = linkViewModel.swift; sourceTree = "<group>"; };
/* End PBXFileReference section */

/* Begin PBXFrameworksBuildPhase section */
		2F1711422C678F50002DF398 /* Frameworks */ = {
			isa = PBXFrameworksBuildPhase;
			buildActionMask = 2147483647;
			files = (
			);
			runOnlyForDeploymentPostprocessing = 0;
		};
		2F1711522C678F52002DF398 /* Frameworks */ = {
			isa = PBXFrameworksBuildPhase;
			buildActionMask = 2147483647;
			files = (
			);
			runOnlyForDeploymentPostprocessing = 0;
		};
		2F17115C2C678F52002DF398 /* Frameworks */ = {
			isa = PBXFrameworksBuildPhase;
			buildActionMask = 2147483647;
			files = (
			);
			runOnlyForDeploymentPostprocessing = 0;
		};
/* End PBXFrameworksBuildPhase section */

/* Begin PBXGroup section */
		2F17113C2C678F50002DF398 = {
			isa = PBXGroup;
			children = (
				2F1711472C678F50002DF398 /* url2mobile */,
				2F1711582C678F52002DF398 /* url2mobileTests */,
				2F1711622C678F52002DF398 /* url2mobileUITests */,
				2F1711462C678F50002DF398 /* Products */,
				2F17117E2C67909D002DF398 /* Frameworks */,
			);
			sourceTree = "<group>";
		};
		2F1711462C678F50002DF398 /* Products */ = {
			isa = PBXGroup;
			children = (
				2F1711452C678F50002DF398 /* url2mobile.app */,
				2F1711552C678F52002DF398 /* url2mobileTests.xctest */,
				2F17115F2C678F52002DF398 /* url2mobileUITests.xctest */,
			);
			name = Products;
			sourceTree = "<group>";
		};
		2F1711472C678F50002DF398 /* url2mobile */ = {
			isa = PBXGroup;
			children = (
				2F1711832C6790A6002DF398 /* views */,
				2F1711772C67901C002DF398 /* viewModels */,
				2F1711742C678FF7002DF398 /* models */,
				2F1711722C678F95002DF398 /* Info.plist */,
				2F1711482C678F50002DF398 /* url2mobileApp.swift */,
				2F17114C2C678F51002DF398 /* Assets.xcassets */,
				2F17114E2C678F51002DF398 /* Preview Content */,
			);
			path = url2mobile;
			sourceTree = "<group>";
		};
		2F17114E2C678F51002DF398 /* Preview Content */ = {
			isa = PBXGroup;
			children = (
				2F17114F2C678F51002DF398 /* Preview Assets.xcassets */,
			);
			path = "Preview Content";
			sourceTree = "<group>";
		};
		2F1711582C678F52002DF398 /* url2mobileTests */ = {
			isa = PBXGroup;
			children = (
				2F1711592C678F52002DF398 /* url2mobileTests.swift */,
			);
			path = url2mobileTests;
			sourceTree = "<group>";
		};
		2F1711622C678F52002DF398 /* url2mobileUITests */ = {
			isa = PBXGroup;
			children = (
				2F1711632C678F52002DF398 /* url2mobileUITests.swift */,
				2F1711652C678F52002DF398 /* url2mobileUITestsLaunchTests.swift */,
			);
			path = url2mobileUITests;
			sourceTree = "<group>";
		};
		2F1711742C678FF7002DF398 /* models */ = {
			isa = PBXGroup;
			children = (
				2F1711752C679006002DF398 /* item.swift */,
			);
			path = models;
			sourceTree = "<group>";
		};
		2F1711772C67901C002DF398 /* viewModels */ = {
			isa = PBXGroup;
			children = (
				2F1711782C679036002DF398 /* appViewModel.swift */,
				2F17117A2C679056002DF398 /* viewController.swift */,
				2F17117C2C679083002DF398 /* authManager.swift */,
				2FE273472C8B3F74009D8604 /* networking.swift */,
				2FE2734B2C8B761E009D8604 /* linkViewModel.swift */,
			);
			path = viewModels;
			sourceTree = "<group>";
		};
		2F17117E2C67909D002DF398 /* Frameworks */ = {
			isa = PBXGroup;
			children = (
			);
			name = Frameworks;
			sourceTree = "<group>";
		};
		2F1711832C6790A6002DF398 /* views */ = {
			isa = PBXGroup;
			children = (
				2F17114A2C678F50002DF398 /* ContentView.swift */,
				2F1711842C679116002DF398 /* HomeView.swift */,
				2F1711882C67915D002DF398 /* listView.swift */,
				2F17118A2C679177002DF398 /* AuthView.swift */,
				2F17118C2C6791A5002DF398 /* loginView.swift */,
				2F8D53282C8E38380059528A /* profileView.swift */,
			);
			path = views;
			sourceTree = "<group>";
		};
/* End PBXGroup section */

/* Begin PBXNativeTarget section */
		2F1711442C678F50002DF398 /* url2mobile */ = {
			isa = PBXNativeTarget;
			buildConfigurationList = 2F1711692C678F52002DF398 /* Build configuration list for PBXNativeTarget "url2mobile" */;
			buildPhases = (
				2F1711412C678F50002DF398 /* Sources */,
				2F1711422C678F50002DF398 /* Frameworks */,
				2F1711432C678F50002DF398 /* Resources */,
			);
			buildRules = (
			);
			dependencies = (
			);
			name = url2mobile;
			packageProductDependencies = (
			);
			productName = url2mobile;
			productReference = 2F1711452C678F50002DF398 /* url2mobile.app */;
			productType = "com.apple.product-type.application";
		};
		2F1711542C678F52002DF398 /* url2mobileTests */ = {
			isa = PBXNativeTarget;
			buildConfigurationList = 2F17116C2C678F52002DF398 /* Build configuration list for PBXNativeTarget "url2mobileTests" */;
			buildPhases = (
				2F1711512C678F52002DF398 /* Sources */,
				2F1711522C678F52002DF398 /* Frameworks */,
				2F1711532C678F52002DF398 /* Resources */,
			);
			buildRules = (
			);
			dependencies = (
				2F1711572C678F52002DF398 /* PBXTargetDependency */,
			);
			name = url2mobileTests;
			productName = url2mobileTests;
			productReference = 2F1711552C678F52002DF398 /* url2mobileTests.xctest */;
			productType = "com.apple.product-type.bundle.unit-test";
		};
		2F17115E2C678F52002DF398 /* url2mobileUITests */ = {
			isa = PBXNativeTarget;
			buildConfigurationList = 2F17116F2C678F52002DF398 /* Build configuration list for PBXNativeTarget "url2mobileUITests" */;
			buildPhases = (
				2F17115B2C678F52002DF398 /* Sources */,
				2F17115C2C678F52002DF398 /* Frameworks */,
				2F17115D2C678F52002DF398 /* Resources */,
			);
			buildRules = (
			);
			dependencies = (
				2F1711612C678F52002DF398 /* PBXTargetDependency */,
			);
			name = url2mobileUITests;
			productName = url2mobileUITests;
			productReference = 2F17115F2C678F52002DF398 /* url2mobileUITests.xctest */;
			productType = "com.apple.product-type.bundle.ui-testing";
		};
/* End PBXNativeTarget section */

/* Begin PBXProject section */
		2F17113D2C678F50002DF398 /* Project object */ = {
			isa = PBXProject;
			attributes = {
				BuildIndependentTargetsInParallel = 1;
				LastSwiftUpdateCheck = 1540;
				LastUpgradeCheck = 1600;
				TargetAttributes = {
					2F1711442C678F50002DF398 = {
						CreatedOnToolsVersion = 15.4;
					};
					2F1711542C678F52002DF398 = {
						CreatedOnToolsVersion = 15.4;
						TestTargetID = 2F1711442C678F50002DF398;
					};
					2F17115E2C678F52002DF398 = {
						CreatedOnToolsVersion = 15.4;
						TestTargetID = 2F1711442C678F50002DF398;
					};
				};
			};
			buildConfigurationList = 2F1711402C678F50002DF398 /* Build configuration list for PBXProject "url2mobile" */;
			compatibilityVersion = "Xcode 14.0";
			developmentRegion = en;
			hasScannedForEncodings = 0;
			knownRegions = (
				en,
				Base,
			);
			mainGroup = 2F17113C2C678F50002DF398;
			packageReferences = (
			);
			productRefGroup = 2F1711462C678F50002DF398 /* Products */;
			projectDirPath = "";
			projectRoot = "";
			targets = (
				2F1711442C678F50002DF398 /* url2mobile */,
				2F1711542C678F52002DF398 /* url2mobileTests */,
				2F17115E2C678F52002DF398 /* url2mobileUITests */,
			);
		};
/* End PBXProject section */

/* Begin PBXResourcesBuildPhase section */
		2F1711432C678F50002DF398 /* Resources */ = {
			isa = PBXResourcesBuildPhase;
			buildActionMask = 2147483647;
			files = (
				2F1711502C678F51002DF398 /* Preview Assets.xcassets in Resources */,
				2F17114D2C678F51002DF398 /* Assets.xcassets in Resources */,
			);
			runOnlyForDeploymentPostprocessing = 0;
		};
		2F1711532C678F52002DF398 /* Resources */ = {
			isa = PBXResourcesBuildPhase;
			buildActionMask = 2147483647;
			files = (
			);
			runOnlyForDeploymentPostprocessing = 0;
		};
		2F17115D2C678F52002DF398 /* Resources */ = {
			isa = PBXResourcesBuildPhase;
			buildActionMask = 2147483647;
			files = (
			);
			runOnlyForDeploymentPostprocessing = 0;
		};
/* End PBXResourcesBuildPhase section */

/* Begin PBXSourcesBuildPhase section */
		2F1711412C678F50002DF398 /* Sources */ = {
			isa = PBXSourcesBuildPhase;
			buildActionMask = 2147483647;
			files = (
				2F17117B2C679056002DF398 /* viewController.swift in Sources */,
				2F1711852C679116002DF398 /* HomeView.swift in Sources */,
				2F17114B2C678F50002DF398 /* ContentView.swift in Sources */,
				2F1711762C679006002DF398 /* item.swift in Sources */,
				2F17118D2C6791A5002DF398 /* loginView.swift in Sources */,
				2F1711792C679036002DF398 /* appViewModel.swift in Sources */,
				2FE273482C8B3F74009D8604 /* networking.swift in Sources */,
				2FE2734C2C8B761E009D8604 /* linkViewModel.swift in Sources */,
				2F8D53292C8E38380059528A /* profileView.swift in Sources */,
				2F17118B2C679177002DF398 /* AuthView.swift in Sources */,
				2F1711492C678F50002DF398 /* url2mobileApp.swift in Sources */,
				2F1711892C67915D002DF398 /* listView.swift in Sources */,
				2F17117D2C679083002DF398 /* authManager.swift in Sources */,
			);
			runOnlyForDeploymentPostprocessing = 0;
		};
		2F1711512C678F52002DF398 /* Sources */ = {
			isa = PBXSourcesBuildPhase;
			buildActionMask = 2147483647;
			files = (
				2F17115A2C678F52002DF398 /* url2mobileTests.swift in Sources */,
			);
			runOnlyForDeploymentPostprocessing = 0;
		};
		2F17115B2C678F52002DF398 /* Sources */ = {
			isa = PBXSourcesBuildPhase;
			buildActionMask = 2147483647;
			files = (
				2F1711642C678F52002DF398 /* url2mobileUITests.swift in Sources */,
				2F1711662C678F52002DF398 /* url2mobileUITestsLaunchTests.swift in Sources */,
			);
			runOnlyForDeploymentPostprocessing = 0;
		};
/* End PBXSourcesBuildPhase section */

/* Begin PBXTargetDependency section */
		2F1711572C678F52002DF398 /* PBXTargetDependency */ = {
			isa = PBXTargetDependency;
			target = 2F1711442C678F50002DF398 /* url2mobile */;
			targetProxy = 2F1711562C678F52002DF398 /* PBXContainerItemProxy */;
		};
		2F1711612C678F52002DF398 /* PBXTargetDependency */ = {
			isa = PBXTargetDependency;
			target = 2F1711442C678F50002DF398 /* url2mobile */;
			targetProxy = 2F1711602C678F52002DF398 /* PBXContainerItemProxy */;
		};
/* End PBXTargetDependency section */

/* Begin XCBuildConfiguration section */
		2F1711672C678F52002DF398 /* Debug */ = {
			isa = XCBuildConfiguration;
			buildSettings = {
				ALWAYS_SEARCH_USER_PATHS = NO;
				ASSETCATALOG_COMPILER_GENERATE_SWIFT_ASSET_SYMBOL_EXTENSIONS = YES;
				CLANG_ANALYZER_NONNULL = YES;
				CLANG_ANALYZER_NUMBER_OBJECT_CONVERSION = YES_AGGRESSIVE;
				CLANG_CXX_LANGUAGE_STANDARD = "gnu++20";
				CLANG_ENABLE_MODULES = YES;
				CLANG_ENABLE_OBJC_ARC = YES;
				CLANG_ENABLE_OBJC_WEAK = YES;
				CLANG_WARN_BLOCK_CAPTURE_AUTORELEASING = YES;
				CLANG_WARN_BOOL_CONVERSION = YES;
				CLANG_WARN_COMMA = YES;
				CLANG_WARN_CONSTANT_CONVERSION = YES;
				CLANG_WARN_DEPRECATED_OBJC_IMPLEMENTATIONS = YES;
				CLANG_WARN_DIRECT_OBJC_ISA_USAGE = YES_ERROR;
				CLANG_WARN_DOCUMENTATION_COMMENTS = YES;
				CLANG_WARN_EMPTY_BODY = YES;
				CLANG_WARN_ENUM_CONVERSION = YES;
				CLANG_WARN_INFINITE_RECURSION = YES;
				CLANG_WARN_INT_CONVERSION = YES;
				CLANG_WARN_NON_LITERAL_NULL_CONVERSION = YES;
				CLANG_WARN_OBJC_IMPLICIT_RETAIN_SELF = YES;
				CLANG_WARN_OBJC_LITERAL_CONVERSION = YES;
				CLANG_WARN_OBJC_ROOT_CLASS = YES_ERROR;
				CLANG_WARN_QUOTED_INCLUDE_IN_FRAMEWORK_HEADER = YES;
				CLANG_WARN_RANGE_LOOP_ANALYSIS = YES;
				CLANG_WARN_STRICT_PROTOTYPES = YES;
				CLANG_WARN_SUSPICIOUS_MOVE = YES;
				CLANG_WARN_UNGUARDED_AVAILABILITY = YES_AGGRESSIVE;
				CLANG_WARN_UNREACHABLE_CODE = YES;
				CLANG_WARN__DUPLICATE_METHOD_MATCH = YES;
				COPY_PHASE_STRIP = NO;
				DEBUG_INFORMATION_FORMAT = dwarf;
				ENABLE_STRICT_OBJC_MSGSEND = YES;
				ENABLE_TESTABILITY = YES;
				ENABLE_USER_SCRIPT_SANDBOXING = YES;
				GCC_C_LANGUAGE_STANDARD = gnu17;
				GCC_DYNAMIC_NO_PIC = NO;
				GCC_NO_COMMON_BLOCKS = YES;
				GCC_OPTIMIZATION_LEVEL = 0;
				GCC_PREPROCESSOR_DEFINITIONS = (
					"DEBUG=1",
					"$(inherited)",
				);
				GCC_WARN_64_TO_32_BIT_CONVERSION = YES;
				GCC_WARN_ABOUT_RETURN_TYPE = YES_ERROR;
				GCC_WARN_UNDECLARED_SELECTOR = YES;
				GCC_WARN_UNINITIALIZED_AUTOS = YES_AGGRESSIVE;
				GCC_WARN_UNUSED_FUNCTION = YES;
				GCC_WARN_UNUSED_VARIABLE = YES;
				IPHONEOS_DEPLOYMENT_TARGET = 17.5;
				LOCALIZATION_PREFERS_STRING_CATALOGS = YES;
				MTL_ENABLE_DEBUG_INFO = INCLUDE_SOURCE;
				MTL_FAST_MATH = YES;
				ONLY_ACTIVE_ARCH = YES;
				SDKROOT = iphoneos;
				SWIFT_ACTIVE_COMPILATION_CONDITIONS = "DEBUG $(inherited)";
				SWIFT_OPTIMIZATION_LEVEL = "-Onone";
			};
			name = Debug;
		};
		2F1711682C678F52002DF398 /* Release */ = {
			isa = XCBuildConfiguration;
			buildSettings = {
				ALWAYS_SEARCH_USER_PATHS = NO;
				ASSETCATALOG_COMPILER_GENERATE_SWIFT_ASSET_SYMBOL_EXTENSIONS = YES;
				CLANG_ANALYZER_NONNULL = YES;
				CLANG_ANALYZER_NUMBER_OBJECT_CONVERSION = YES_AGGRESSIVE;
				CLANG_CXX_LANGUAGE_STANDARD = "gnu++20";
				CLANG_ENABLE_MODULES = YES;
				CLANG_ENABLE_OBJC_ARC = YES;
				CLANG_ENABLE_OBJC_WEAK = YES;
				CLANG_WARN_BLOCK_CAPTURE_AUTORELEASING = YES;
				CLANG_WARN_BOOL_CONVERSION = YES;
				CLANG_WARN_COMMA = YES;
				CLANG_WARN_CONSTANT_CONVERSION = YES;
				CLANG_WARN_DEPRECATED_OBJC_IMPLEMENTATIONS = YES;
				CLANG_WARN_DIRECT_OBJC_ISA_USAGE = YES_ERROR;
				CLANG_WARN_DOCUMENTATION_COMMENTS = YES;
				CLANG_WARN_EMPTY_BODY = YES;
				CLANG_WARN_ENUM_CONVERSION = YES;
				CLANG_WARN_INFINITE_RECURSION = YES;
				CLANG_WARN_INT_CONVERSION = YES;
				CLANG_WARN_NON_LITERAL_NULL_CONVERSION = YES;
				CLANG_WARN_OBJC_IMPLICIT_RETAIN_SELF = YES;
				CLANG_WARN_OBJC_LITERAL_CONVERSION = YES;
				CLANG_WARN_OBJC_ROOT_CLASS = YES_ERROR;
				CLANG_WARN_QUOTED_INCLUDE_IN_FRAMEWORK_HEADER = YES;
				CLANG_WARN_RANGE_LOOP_ANALYSIS = YES;
				CLANG_WARN_STRICT_PROTOTYPES = YES;
				CLANG_WARN_SUSPICIOUS_MOVE = YES;
				CLANG_WARN_UNGUARDED_AVAILABILITY = YES_AGGRESSIVE;
				CLANG_WARN_UNREACHABLE_CODE = YES;
				CLANG_WARN__DUPLICATE_METHOD_MATCH = YES;
				COPY_PHASE_STRIP = NO;
				DEBUG_INFORMATION_FORMAT = "dwarf-with-dsym";
				ENABLE_NS_ASSERTIONS = NO;
				ENABLE_STRICT_OBJC_MSGSEND = YES;
				ENABLE_USER_SCRIPT_SANDBOXING = YES;
				GCC_C_LANGUAGE_STANDARD = gnu17;
				GCC_NO_COMMON_BLOCKS = YES;
				GCC_WARN_64_TO_32_BIT_CONVERSION = YES;
				GCC_WARN_ABOUT_RETURN_TYPE = YES_ERROR;
				GCC_WARN_UNDECLARED_SELECTOR = YES;
				GCC_WARN_UNINITIALIZED_AUTOS = YES_AGGRESSIVE;
				GCC_WARN_UNUSED_FUNCTION = YES;
				GCC_WARN_UNUSED_VARIABLE = YES;
				IPHONEOS_DEPLOYMENT_TARGET = 17.5;
				LOCALIZATION_PREFERS_STRING_CATALOGS = YES;
				MTL_ENABLE_DEBUG_INFO = NO;
				MTL_FAST_MATH = YES;
				SDKROOT = iphoneos;
				SWIFT_COMPILATION_MODE = wholemodule;
				VALIDATE_PRODUCT = YES;
			};
			name = Release;
		};
		2F17116A2C678F52002DF398 /* Debug */ = {
			isa = XCBuildConfiguration;
			buildSettings = {
				ASSETCATALOG_COMPILER_APPICON_NAME = AppIcon;
				ASSETCATALOG_COMPILER_GLOBAL_ACCENT_COLOR_NAME = AccentColor;
				CODE_SIGN_STYLE = Automatic;
				CURRENT_PROJECT_VERSION = 23;
				DEVELOPMENT_ASSET_PATHS = "\"url2mobile/Preview Content\"";
				DEVELOPMENT_TEAM = RPV4G9Y6MB;
				ENABLE_PREVIEWS = YES;
				GENERATE_INFOPLIST_FILE = YES;
				INFOPLIST_FILE = url2mobile/Info.plist;
				INFOPLIST_KEY_CFBundleDisplayName = URL2Mobile;
				INFOPLIST_KEY_LSApplicationCategoryType = "public.app-category.utilities";
				INFOPLIST_KEY_NSCameraUsageDescription = "This app needs access to your camera to scan urls.";
				INFOPLIST_KEY_UIApplicationSceneManifest_Generation = YES;
				INFOPLIST_KEY_UIApplicationSupportsIndirectInputEvents = YES;
				INFOPLIST_KEY_UILaunchScreen_Generation = YES;
				INFOPLIST_KEY_UISupportedInterfaceOrientations_iPad = "UIInterfaceOrientationPortrait UIInterfaceOrientationPortraitUpsideDown UIInterfaceOrientationLandscapeLeft UIInterfaceOrientationLandscapeRight";
				INFOPLIST_KEY_UISupportedInterfaceOrientations_iPhone = "UIInterfaceOrientationPortrait UIInterfaceOrientationLandscapeLeft UIInterfaceOrientationLandscapeRight";
				LD_RUNPATH_SEARCH_PATHS = (
					"$(inherited)",
					"@executable_path/Frameworks",
				);
				MARKETING_VERSION = 1.0;
				PRODUCT_BUNDLE_IDENTIFIER = com.smartcrop.sendtomobile;
				PRODUCT_NAME = "$(TARGET_NAME)";
				SWIFT_EMIT_LOC_STRINGS = YES;
				SWIFT_VERSION = 5.0;
				TARGETED_DEVICE_FAMILY = "1,2";
			};
			name = Debug;
		};
		2F17116B2C678F52002DF398 /* Release */ = {
			isa = XCBuildConfiguration;
			buildSettings = {
				ASSETCATALOG_COMPILER_APPICON_NAME = AppIcon;
				ASSETCATALOG_COMPILER_GLOBAL_ACCENT_COLOR_NAME = AccentColor;
				CODE_SIGN_STYLE = Automatic;
				CURRENT_PROJECT_VERSION = 23;
				DEVELOPMENT_ASSET_PATHS = "\"url2mobile/Preview Content\"";
				DEVELOPMENT_TEAM = RPV4G9Y6MB;
				ENABLE_PREVIEWS = YES;
				GENERATE_INFOPLIST_FILE = YES;
				INFOPLIST_FILE = url2mobile/Info.plist;
				INFOPLIST_KEY_CFBundleDisplayName = URL2Mobile;
				INFOPLIST_KEY_LSApplicationCategoryType = "public.app-category.utilities";
				INFOPLIST_KEY_NSCameraUsageDescription = "This app needs access to your camera to scan urls.";
				INFOPLIST_KEY_UIApplicationSceneManifest_Generation = YES;
				INFOPLIST_KEY_UIApplicationSupportsIndirectInputEvents = YES;
				INFOPLIST_KEY_UILaunchScreen_Generation = YES;
				INFOPLIST_KEY_UISupportedInterfaceOrientations_iPad = "UIInterfaceOrientationPortrait UIInterfaceOrientationPortraitUpsideDown UIInterfaceOrientationLandscapeLeft UIInterfaceOrientationLandscapeRight";
				INFOPLIST_KEY_UISupportedInterfaceOrientations_iPhone = "UIInterfaceOrientationPortrait UIInterfaceOrientationLandscapeLeft UIInterfaceOrientationLandscapeRight";
				LD_RUNPATH_SEARCH_PATHS = (
					"$(inherited)",
					"@executable_path/Frameworks",
				);
				MARKETING_VERSION = 1.0;
				PRODUCT_BUNDLE_IDENTIFIER = com.smartcrop.sendtomobile;
				PRODUCT_NAME = "$(TARGET_NAME)";
				SWIFT_EMIT_LOC_STRINGS = YES;
				SWIFT_VERSION = 5.0;
				TARGETED_DEVICE_FAMILY = "1,2";
			};
			name = Release;
		};
		2F17116D2C678F52002DF398 /* Debug */ = {
			isa = XCBuildConfiguration;
			buildSettings = {
				BUNDLE_LOADER = "$(TEST_HOST)";
				CODE_SIGN_STYLE = Automatic;
				CURRENT_PROJECT_VERSION = 1;
				GENERATE_INFOPLIST_FILE = YES;
				IPHONEOS_DEPLOYMENT_TARGET = 17.5;
				MARKETING_VERSION = 1.0;
				PRODUCT_BUNDLE_IDENTIFIER = com.hassan.url2mobile.url2mobileTests;
				PRODUCT_NAME = "$(TARGET_NAME)";
				SWIFT_EMIT_LOC_STRINGS = NO;
				SWIFT_VERSION = 5.0;
				TARGETED_DEVICE_FAMILY = "1,2";
				TEST_HOST = "$(BUILT_PRODUCTS_DIR)/url2mobile.app/$(BUNDLE_EXECUTABLE_FOLDER_PATH)/url2mobile";
			};
			name = Debug;
		};
		2F17116E2C678F52002DF398 /* Release */ = {
			isa = XCBuildConfiguration;
			buildSettings = {
				BUNDLE_LOADER = "$(TEST_HOST)";
				CODE_SIGN_STYLE = Automatic;
				CURRENT_PROJECT_VERSION = 1;
				GENERATE_INFOPLIST_FILE = YES;
				IPHONEOS_DEPLOYMENT_TARGET = 17.5;
				MARKETING_VERSION = 1.0;
				PRODUCT_BUNDLE_IDENTIFIER = com.hassan.url2mobile.url2mobileTests;
				PRODUCT_NAME = "$(TARGET_NAME)";
				SWIFT_EMIT_LOC_STRINGS = NO;
				SWIFT_VERSION = 5.0;
				TARGETED_DEVICE_FAMILY = "1,2";
				TEST_HOST = "$(BUILT_PRODUCTS_DIR)/url2mobile.app/$(BUNDLE_EXECUTABLE_FOLDER_PATH)/url2mobile";
			};
			name = Release;
		};
		2F1711702C678F52002DF398 /* Debug */ = {
			isa = XCBuildConfiguration;
			buildSettings = {
				CODE_SIGN_STYLE = Automatic;
				CURRENT_PROJECT_VERSION = 1;
				GENERATE_INFOPLIST_FILE = YES;
				MARKETING_VERSION = 1.0;
				PRODUCT_BUNDLE_IDENTIFIER = com.hassan.url2mobile.url2mobileUITests;
				PRODUCT_NAME = "$(TARGET_NAME)";
				SWIFT_EMIT_LOC_STRINGS = NO;
				SWIFT_VERSION = 5.0;
				TARGETED_DEVICE_FAMILY = "1,2";
				TEST_TARGET_NAME = url2mobile;
			};
			name = Debug;
		};
		2F1711712C678F52002DF398 /* Release */ = {
			isa = XCBuildConfiguration;
			buildSettings = {
				CODE_SIGN_STYLE = Automatic;
				CURRENT_PROJECT_VERSION = 1;
				GENERATE_INFOPLIST_FILE = YES;
				MARKETING_VERSION = 1.0;
				PRODUCT_BUNDLE_IDENTIFIER = com.hassan.url2mobile.url2mobileUITests;
				PRODUCT_NAME = "$(TARGET_NAME)";
				SWIFT_EMIT_LOC_STRINGS = NO;
				SWIFT_VERSION = 5.0;
				TARGETED_DEVICE_FAMILY = "1,2";
				TEST_TARGET_NAME = url2mobile;
			};
			name = Release;
		};
/* End XCBuildConfiguration section */

/* Begin XCConfigurationList section */
		2F1711402C678F50002DF398 /* Build configuration list for PBXProject "url2mobile" */ = {
			isa = XCConfigurationList;
			buildConfigurations = (
				2F1711672C678F52002DF398 /* Debug */,
				2F1711682C678F52002DF398 /* Release */,
			);
			defaultConfigurationIsVisible = 0;
			defaultConfigurationName = Release;
		};
		2F1711692C678F52002DF398 /* Build configuration list for PBXNativeTarget "url2mobile" */ = {
			isa = XCConfigurationList;
			buildConfigurations = (
				2F17116A2C678F52002DF398 /* Debug */,
				2F17116B2C678F52002DF398 /* Release */,
			);
			defaultConfigurationIsVisible = 0;
			defaultConfigurationName = Release;
		};
		2F17116C2C678F52002DF398 /* Build configuration list for PBXNativeTarget "url2mobileTests" */ = {
			isa = XCConfigurationList;
			buildConfigurations = (
				2F17116D2C678F52002DF398 /* Debug */,
				2F17116E2C678F52002DF398 /* Release */,
			);
			defaultConfigurationIsVisible = 0;
			defaultConfigurationName = Release;
		};
		2F17116F2C678F52002DF398 /* Build configuration list for PBXNativeTarget "url2mobileUITests" */ = {
			isa = XCConfigurationList;
			buildConfigurations = (
				2F1711702C678F52002DF398 /* Debug */,
				2F1711712C678F52002DF398 /* Release */,
			);
			defaultConfigurationIsVisible = 0;
			defaultConfigurationName = Release;
		};
/* End XCConfigurationList section */
	};
	rootObject = 2F17113D2C678F50002DF398 /* Project object */;
}
